
Microsoft Visual Studio Solution File, Format Version 12.00
# Visual Studio 15
VisualStudioVersion = 15.0.27703.2035
MinimumVisualStudioVersion = 10.0.40219.1
Project("{9A19103F-16F7-4668-BE54-9A1E7A4F7556}") = "WebApi", "WebApi.csproj", "{ED6B5415-A372-4BB9-93BC-BEB9133B615E}"
EndProject
Project("{9A19103F-16F7-4668-BE54-9A1E7A4F7556}") = "Domain", "..\..\Domain\Core\Domain.csproj", "{2666B61F-8618-439F-A55E-07BC23842C30}"
EndProject
Project("{9A19103F-16F7-4668-BE54-9A1E7A4F7556}") = "Common", "..\..\Domain\Common\Common.csproj", "{278E1181-8D6B-4E7E-9E29-E9E209D4F5F5}"
EndProject
Project("{9A19103F-16F7-4668-BE54-9A1E7A4F7556}") = "WebApiLogic", "..\Logic\WebApiLogic.csproj", "{F4B4D145-AC04-4B27-AB1A-C5279109FB33}"
EndProject
Project("{9A19103F-16F7-4668-BE54-9A1E7A4F7556}") = "WebApiTests", "..\Tests\WebApiTests.csproj", "{E88D9FB6-16D7-4CA7-8600-F72F61D2E642}"
EndProject
Project("{2150E333-8FDC-42A3-9474-1A3956D46DE8}") = "Services", "Services", "{4E4E87AC-4D6D-44C1-889E-99F39658657C}"
EndProject
Project("{9A19103F-16F7-4668-BE54-9A1E7A4F7556}") = "Library1C", "..\..\Services\Library1C\Library1C.csproj", "{84AC3E77-FD37-4BEE-8AF2-10A6004D21CA}"
EndProject
Project("{9A19103F-16F7-4668-BE54-9A1E7A4F7556}") = "LibraryAmoCRM", "..\..\Services\LibraryAmoCRM\LibraryAmoCRM.csproj", "{9AB1F3E6-ED2F-4A3F-A179-69CE9D8E49CB}"
EndProject
Project("{9A19103F-16F7-4668-BE54-9A1E7A4F7556}") = "LibraryNeoClient", "..\..\Services\LibraryNeoClient\LibraryNeoClient.csproj", "{F70B52C0-4299-4A98-B661-606362FD4FDB}"
EndProject
Global
	GlobalSection(SolutionConfigurationPlatforms) = preSolution
		Debug|Any CPU = Debug|Any CPU
		Release|Any CPU = Release|Any CPU
	EndGlobalSection
	GlobalSection(ProjectConfigurationPlatforms) = postSolution
		{ED6B5415-A372-4BB9-93BC-BEB9133B615E}.Debug|Any CPU.ActiveCfg = Debug|Any CPU
		{ED6B5415-A372-4BB9-93BC-BEB9133B615E}.Debug|Any CPU.Build.0 = Debug|Any CPU
		{ED6B5415-A372-4BB9-93BC-BEB9133B615E}.Release|Any CPU.ActiveCfg = Release|Any CPU
		{ED6B5415-A372-4BB9-93BC-BEB9133B615E}.Release|Any CPU.Build.0 = Release|Any CPU
		{2666B61F-8618-439F-A55E-07BC23842C30}.Debug|Any CPU.ActiveCfg = Debug|Any CPU
		{2666B61F-8618-439F-A55E-07BC23842C30}.Debug|Any CPU.Build.0 = Debug|Any CPU
		{2666B61F-8618-439F-A55E-07BC23842C30}.Release|Any CPU.ActiveCfg = Release|Any CPU
		{2666B61F-8618-439F-A55E-07BC23842C30}.Release|Any CPU.Build.0 = Release|Any CPU
		{278E1181-8D6B-4E7E-9E29-E9E209D4F5F5}.Debug|Any CPU.ActiveCfg = Debug|Any CPU
		{278E1181-8D6B-4E7E-9E29-E9E209D4F5F5}.Debug|Any CPU.Build.0 = Debug|Any CPU
		{278E1181-8D6B-4E7E-9E29-E9E209D4F5F5}.Release|Any CPU.ActiveCfg = Release|Any CPU
		{278E1181-8D6B-4E7E-9E29-E9E209D4F5F5}.Release|Any CPU.Build.0 = Release|Any CPU
		{F4B4D145-AC04-4B27-AB1A-C5279109FB33}.Debug|Any CPU.ActiveCfg = Debug|Any CPU
		{F4B4D145-AC04-4B27-AB1A-C5279109FB33}.Debug|Any CPU.Build.0 = Debug|Any CPU
		{F4B4D145-AC04-4B27-AB1A-C5279109FB33}.Release|Any CPU.ActiveCfg = Release|Any CPU
		{F4B4D145-AC04-4B27-AB1A-C5279109FB33}.Release|Any CPU.Build.0 = Release|Any CPU
		{E88D9FB6-16D7-4CA7-8600-F72F61D2E642}.Debug|Any CPU.ActiveCfg = Debug|Any CPU
		{E88D9FB6-16D7-4CA7-8600-F72F61D2E642}.Debug|Any CPU.Build.0 = Debug|Any CPU
		{E88D9FB6-16D7-4CA7-8600-F72F61D2E642}.Release|Any CPU.ActiveCfg = Release|Any CPU
		{E88D9FB6-16D7-4CA7-8600-F72F61D2E642}.Release|Any CPU.Build.0 = Release|Any CPU
		{84AC3E77-FD37-4BEE-8AF2-10A6004D21CA}.Debug|Any CPU.ActiveCfg = Debug|Any CPU
		{84AC3E77-FD37-4BEE-8AF2-10A6004D21CA}.Debug|Any CPU.Build.0 = Debug|Any CPU
		{84AC3E77-FD37-4BEE-8AF2-10A6004D21CA}.Release|Any CPU.ActiveCfg = Release|Any CPU
		{84AC3E77-FD37-4BEE-8AF2-10A6004D21CA}.Release|Any CPU.Build.0 = Release|Any CPU
		{9AB1F3E6-ED2F-4A3F-A179-69CE9D8E49CB}.Debug|Any CPU.ActiveCfg = Debug|Any CPU
		{9AB1F3E6-ED2F-4A3F-A179-69CE9D8E49CB}.Debug|Any CPU.Build.0 = Debug|Any CPU
		{9AB1F3E6-ED2F-4A3F-A179-69CE9D8E49CB}.Release|Any CPU.ActiveCfg = Release|Any CPU
		{9AB1F3E6-ED2F-4A3F-A179-69CE9D8E49CB}.Release|Any CPU.Build.0 = Release|Any CPU
		{F70B52C0-4299-4A98-B661-606362FD4FDB}.Debug|Any CPU.ActiveCfg = Debug|Any CPU
		{F70B52C0-4299-4A98-B661-606362FD4FDB}.Debug|Any CPU.Build.0 = Debug|Any CPU
		{F70B52C0-4299-4A98-B661-606362FD4FDB}.Release|Any CPU.ActiveCfg = Release|Any CPU
		{F70B52C0-4299-4A98-B661-606362FD4FDB}.Release|Any CPU.Build.0 = Release|Any CPU
	EndGlobalSection
	GlobalSection(SolutionProperties) = preSolution
		HideSolutionNode = FALSE
	EndGlobalSection
	GlobalSection(NestedProjects) = preSolution
		{84AC3E77-FD37-4BEE-8AF2-10A6004D21CA} = {4E4E87AC-4D6D-44C1-889E-99F39658657C}
		{9AB1F3E6-ED2F-4A3F-A179-69CE9D8E49CB} = {4E4E87AC-4D6D-44C1-889E-99F39658657C}
		{F70B52C0-4299-4A98-B661-606362FD4FDB} = {4E4E87AC-4D6D-44C1-889E-99F39658657C}
	EndGlobalSection
	GlobalSection(ExtensibilityGlobals) = postSolution
		SolutionGuid = {1DA0532F-DB8A-4BFA-8769-704E0A1E410E}
	EndGlobalSection
EndGlobal
